
Microsoft Visual Studio Solution File, Format Version 12.00
# Visual Studio Version 16
VisualStudioVersion = 16.0.31424.327
MinimumVisualStudioVersion = 10.0.40219.1
Project("{FAE04EC0-301F-11D3-BF4B-00C04F79EFBC}") = "Arrays and Loops", "Arrays and Loops\Arrays and Loops.csproj", "{FD613F5D-A26E-4CFB-A856-F6585D597E7D}"
EndProject
Global
	GlobalSection(SolutionConfigurationPlatforms) = preSolution
		Debug|Any CPU = Debug|Any CPU
		Release|Any CPU = Release|Any CPU
	EndGlobalSection
	GlobalSection(ProjectConfigurationPlatforms) = postSolution
		{FD613F5D-A26E-4CFB-A856-F6585D597E7D}.Debug|Any CPU.ActiveCfg = Debug|Any CPU
		{FD613F5D-A26E-4CFB-A856-F6585D597E7D}.Debug|Any CPU.Build.0 = Debug|Any CPU
		{FD613F5D-A26E-4CFB-A856-F6585D597E7D}.Release|Any CPU.ActiveCfg = Release|Any CPU
		{FD613F5D-A26E-4CFB-A856-F6585D597E7D}.Release|Any CPU.Build.0 = Release|Any CPU
	EndGlobalSection
	GlobalSection(SolutionProperties) = preSolution
		HideSolutionNode = FALSE
	EndGlobalSection
	GlobalSection(ExtensibilityGlobals) = postSolution
		SolutionGuid = {B5ABA04F-6C7E-4AD1-BDCC-786F883750BF}
	EndGlobalSection
EndGlobal
